# THIS IS AN AUTOGENERATED FILE. DO NOT EDIT THIS FILE DIRECTLY.
# yarn lockfile v1


sweetalert2@^11.22.2:
  version "11.22.2"
  resolved "https://registry.yarnpkg.com/sweetalert2/-/sweetalert2-11.22.2.tgz#d4d82a2edd4e97024306fe37f1bc64fa576e9bc9"
  integrity sha512-GFQGzw8ZXF23PO79WMAYXLl4zYmLiaKqYJwcp5eBF07wiI5BYPbZtKi2pcvVmfUQK+FqL1risJAMxugcPbGIyg==
